PODS:
  - Cleanse (4.2.1)
  - DGActivityIndicatorView (2.1.1)
  - KeychainAccess (3.1.2)
  - lottie-ios (2.5.2)
  - SwiftyBeaver (1.6.1)
  - UnderLineTextField (2.1.0)

DEPENDENCIES:
  - Cleanse (~> 4.2.0)
  - DGActivityIndicatorView (~> 2.1.1)
  - KeychainAccess (~> 3.1.2)
  - lottie-ios (~> 2.5.0)
  - SwiftyBeaver
  - UnderLineTextField (~> 2.1)

SPEC REPOS:
  https://github.com/cocoapods/specs.git:
    - Cleanse
    - DGActivityIndicatorView
    - KeychainAccess
    - lottie-ios
    - SwiftyBeaver
    - UnderLineTextField

SPEC CHECKSUMS:
  Cleanse: 69034f7bf8c2e11302f86660971bf06136150eaf
  DGActivityIndicatorView: ff2c76073d79692f724863c8dd38685866a03cb6
  KeychainAccess: b3816fddcf28aa29d94b10ec305cd52be14c472b
  lottie-ios: 3fef45d3fabe63e3c7c2eb603dd64ddfffc73062
  SwiftyBeaver: ccfcdf85a04d429f1633f668650b0ce8020bda3a
  UnderLineTextField: b3f5307b56962331e30a965e81b79aae2df1de83

PODFILE CHECKSUM: fbedcbc262bb05447906a947b6ab4b57e34a876e

COCOAPODS: 1.5.2
